{
  "name": "tabler-icons-svelte",
  "version": "1.4.0",
  "lockfileVersion": 1,
  "requires": true,
  "dependencies": {
    "@tabler/icons": {
      "version": "1.38.0",
      "resolved": "https://registry.npmjs.org/@tabler/icons/-/icons-1.38.0.tgz",
      "integrity": "sha512-ash094c+hX0FfSE18gxlnU2FQotg9wHOMQXuVhpHlGBl640uzV/RkXeoii0jyEIzFMf1SUGVc/3pATbAjLTxxw==",
      "dev": true
    },
    "svelte": {
      "version": "3.31.2",
      "resolved": "https://registry.npmjs.org/svelte/-/svelte-3.31.2.tgz",
      "integrity": "sha512-TxZGrXzX2ggFH3BIKY5fmbeMdJuZrMIMDYPMX6R9255bueuYIuVaBQSLUeY2oD7W4IdeqRZiAVGCjDw2POKBRA=="
    }
  }
}
