{
  "name": "tabler-icons-svelte",
  "version": "1.0.0",
  "lockfileVersion": 1,
  "requires": true,
  "dependencies": {
    "tabler-icons": {
      "version": "1.34.0",
      "resolved": "https://registry.npmjs.org/tabler-icons/-/tabler-icons-1.34.0.tgz",
      "integrity": "sha512-5dJ09CZnAfg5w3QkjqmcCaP8x5qRqYrDxIFmbQn+UWUfp3hXqv/XnuD6O4YZ5wyH+QeAnjsGF1/fK5VpF+6IQw=="
    }
  }
}
