{
  "name": "tabler-icons-svelte",
  "version": "1.0.0",
  "lockfileVersion": 1,
  "requires": true,
  "dependencies": {
    "@tabler/icons": {
      "version": "1.35.0",
      "resolved": "https://registry.npmjs.org/@tabler/icons/-/icons-1.35.0.tgz",
      "integrity": "sha512-g3b6wu6IGcaoSc63RylAF4kc5TwMHNeV4sLZ/JcZZHWKMhJKSBwgXVZbaQxZ/x/BUv9SSn5bzudXUrZ1YG48rw==",
      "dev": true
    }
  }
}
