# THIS IS AN AUTOGENERATED FILE. DO NOT EDIT THIS FILE DIRECTLY.
# yarn lockfile v1


tabler-icons@^1.34.0:
  version "1.34.0"
  resolved "https://registry.yarnpkg.com/tabler-icons/-/tabler-icons-1.34.0.tgz#6f78f05825e7bed6992667a74fa73b0f6245581e"
  integrity sha512-5dJ09CZnAfg5w3QkjqmcCaP8x5qRqYrDxIFmbQn+UWUfp3hXqv/XnuD6O4YZ5wyH+QeAnjsGF1/fK5VpF+6IQw==
